{
  "name": "oxiephemeris",
  "lockfileVersion": 3,
  "requires": true,
  "packages": {
    "": {
      "dependencies": {
        "@cooljapan/oxiephemeris": "^0.1.1"
      }
    },
    "node_modules/@cooljapan/oxiephemeris": {
      "version": "0.1.1",
      "resolved": "https://registry.npmjs.org/@cooljapan/oxiephemeris/-/oxiephemeris-0.1.1.tgz",
      "integrity": "sha512-P5lDEzYdf31p9I9QqMxT6IXUXWeRCv/1YLznfYN+mmyoLJgJrLdXyxZPw+rDZMBq4jP4ij0kxK4Qqa48jOXPXg==",
      "license": "Apache-2.0"
    }
  }
}
